
Microsoft Visual Studio Solution File, Format Version 12.00
# Visual Studio 15
VisualStudioVersion = 15.0.26430.6
MinimumVisualStudioVersion = 10.0.40219.1
Project("{FAE04EC0-301F-11D3-BF4B-00C04F79EFBC}") = "CollectorsApi", "CollectorsApi\CollectorsApi.csproj", "{C307A50E-EAD0-46BA-A084-81D61CB69D47}"
EndProject
Project("{FAE04EC0-301F-11D3-BF4B-00C04F79EFBC}") = "ClassBooksWebApp", "ClassBooksWebApp\ClassBooksWebApp.csproj", "{1D6A4F5F-CFB4-42B0-B654-8BE304572F79}"
EndProject
Global
	GlobalSection(SolutionConfigurationPlatforms) = preSolution
		Debug|Any CPU = Debug|Any CPU
		Release|Any CPU = Release|Any CPU
	EndGlobalSection
	GlobalSection(ProjectConfigurationPlatforms) = postSolution
		{C307A50E-EAD0-46BA-A084-81D61CB69D47}.Debug|Any CPU.ActiveCfg = Debug|Any CPU
		{C307A50E-EAD0-46BA-A084-81D61CB69D47}.Debug|Any CPU.Build.0 = Debug|Any CPU
		{C307A50E-EAD0-46BA-A084-81D61CB69D47}.Release|Any CPU.ActiveCfg = Release|Any CPU
		{C307A50E-EAD0-46BA-A084-81D61CB69D47}.Release|Any CPU.Build.0 = Release|Any CPU
		{1D6A4F5F-CFB4-42B0-B654-8BE304572F79}.Debug|Any CPU.ActiveCfg = Debug|Any CPU
		{1D6A4F5F-CFB4-42B0-B654-8BE304572F79}.Debug|Any CPU.Build.0 = Debug|Any CPU
		{1D6A4F5F-CFB4-42B0-B654-8BE304572F79}.Release|Any CPU.ActiveCfg = Release|Any CPU
		{1D6A4F5F-CFB4-42B0-B654-8BE304572F79}.Release|Any CPU.Build.0 = Release|Any CPU
	EndGlobalSection
	GlobalSection(SolutionProperties) = preSolution
		HideSolutionNode = FALSE
	EndGlobalSection
EndGlobal
